
Microsoft Visual Studio Solution File, Format Version 12.00
# Visual Studio Version 16
VisualStudioVersion = 16.0.30621.155
MinimumVisualStudioVersion = 10.0.40219.1
Project("{9A19103F-16F7-4668-BE54-9A1E7A4F7556}") = "Stos", "ClassLibraryStack\Stos.csproj", "{34CFBE51-3AB1-4C9A-94F3-67594C14596D}"
EndProject
Project("{9A19103F-16F7-4668-BE54-9A1E7A4F7556}") = "UnitTestProjectStack", "UnitTestProjectStack\UnitTestProjectStack.csproj", "{0B85D904-BAB7-4A39-B101-B6984F7EE350}"
EndProject
Project("{FAE04EC0-301F-11D3-BF4B-00C04F79EFBC}") = "ConsoleAppStos", "ConsoleAppStos\ConsoleAppStos.csproj", "{1B45B8C1-535C-498C-9424-1CB231C4AA32}"
EndProject
Global
	GlobalSection(SolutionConfigurationPlatforms) = preSolution
		Debug|Any CPU = Debug|Any CPU
		Release|Any CPU = Release|Any CPU
	EndGlobalSection
	GlobalSection(ProjectConfigurationPlatforms) = postSolution
		{34CFBE51-3AB1-4C9A-94F3-67594C14596D}.Debug|Any CPU.ActiveCfg = Debug|Any CPU
		{34CFBE51-3AB1-4C9A-94F3-67594C14596D}.Debug|Any CPU.Build.0 = Debug|Any CPU
		{34CFBE51-3AB1-4C9A-94F3-67594C14596D}.Release|Any CPU.ActiveCfg = Release|Any CPU
		{34CFBE51-3AB1-4C9A-94F3-67594C14596D}.Release|Any CPU.Build.0 = Release|Any CPU
		{0B85D904-BAB7-4A39-B101-B6984F7EE350}.Debug|Any CPU.ActiveCfg = Debug|Any CPU
		{0B85D904-BAB7-4A39-B101-B6984F7EE350}.Debug|Any CPU.Build.0 = Debug|Any CPU
		{0B85D904-BAB7-4A39-B101-B6984F7EE350}.Release|Any CPU.ActiveCfg = Release|Any CPU
		{0B85D904-BAB7-4A39-B101-B6984F7EE350}.Release|Any CPU.Build.0 = Release|Any CPU
		{1B45B8C1-535C-498C-9424-1CB231C4AA32}.Debug|Any CPU.ActiveCfg = Debug|Any CPU
		{1B45B8C1-535C-498C-9424-1CB231C4AA32}.Debug|Any CPU.Build.0 = Debug|Any CPU
		{1B45B8C1-535C-498C-9424-1CB231C4AA32}.Release|Any CPU.ActiveCfg = Release|Any CPU
		{1B45B8C1-535C-498C-9424-1CB231C4AA32}.Release|Any CPU.Build.0 = Release|Any CPU
	EndGlobalSection
	GlobalSection(SolutionProperties) = preSolution
		HideSolutionNode = FALSE
	EndGlobalSection
	GlobalSection(ExtensibilityGlobals) = postSolution
		SolutionGuid = {42288920-1DEB-46BD-8FD7-A53184B83DD0}
	EndGlobalSection
EndGlobal
